// !$*UTF8*$!
{
	archiveVersion = 1;
	classes = {
	};
	objectVersion = 55;
	objects = {

/* Begin PBXBuildFile section */
		43B51C6A27FD5CDB00B1AFB5 /* calculatorApp.swift in Sources */ = {isa = PBXBuildFile; fileRef = 43B51C6927FD5CDB00B1AFB5 /* calculatorApp.swift */; };
		43B51C6C27FD5CDB00B1AFB5 /* ContentView.swift in Sources */ = {isa = PBXBuildFile; fileRef = 43B51C6B27FD5CDB00B1AFB5 /* ContentView.swift */; };
		43B51C6E27FD5CDF00B1AFB5 /* Assets.xcassets in Resources */ = {isa = PBXBuildFile; fileRef = 43B51C6D27FD5CDF00B1AFB5 /* Assets.xcassets */; };
		43B51C7127FD5CDF00B1AFB5 /* Preview Assets.xcassets in Resources */ = {isa = PBXBuildFile; fileRef = 43B51C7027FD5CDF00B1AFB5 /* Preview Assets.xcassets */; };
		43B51C7B27FD5CE000B1AFB5 /* calculatorTests.swift in Sources */ = {isa = PBXBuildFile; fileRef = 43B51C7A27FD5CE000B1AFB5 /* calculatorTests.swift */; };
		43B51C8527FD5CE000B1AFB5 /* calculatorUITests.swift in Sources */ = {isa = PBXBuildFile; fileRef = 43B51C8427FD5CE000B1AFB5 /* calculatorUITests.swift */; };
		43B51C8727FD5CE000B1AFB5 /* calculatorUITestsLaunchTests.swift in Sources */ = {isa = PBXBuildFile; fileRef = 43B51C8627FD5CE000B1AFB5 /* calculatorUITestsLaunchTests.swift */; };
		43B51C9427FF173500B1AFB5 /* Setting.swift in Sources */ = {isa = PBXBuildFile; fileRef = 43B51C9327FF173500B1AFB5 /* Setting.swift */; };
		43B51C9627FF1C7B00B1AFB5 /* PHPicker.swift in Sources */ = {isa = PBXBuildFile; fileRef = 43B51C9527FF1C7B00B1AFB5 /* PHPicker.swift */; };
/* End PBXBuildFile section */

/* Begin PBXContainerItemProxy section */
		43B51C7727FD5CE000B1AFB5 /* PBXContainerItemProxy */ = {
			isa = PBXContainerItemProxy;
			containerPortal = 43B51C5E27FD5CDB00B1AFB5 /* Project object */;
			proxyType = 1;
			remoteGlobalIDString = 43B51C6527FD5CDB00B1AFB5;
			remoteInfo = calculator;
		};
		43B51C8127FD5CE000B1AFB5 /* PBXContainerItemProxy */ = {
			isa = PBXContainerItemProxy;
			containerPortal = 43B51C5E27FD5CDB00B1AFB5 /* Project object */;
			proxyType = 1;
			remoteGlobalIDString = 43B51C6527FD5CDB00B1AFB5;
			remoteInfo = calculator;
		};
/* End PBXContainerItemProxy section */

/* Begin PBXFileReference section */
		43B51C6627FD5CDB00B1AFB5 /* calculator.app */ = {isa = PBXFileReference; explicitFileType = wrapper.application; includeInIndex = 0; path = calculator.app; sourceTree = BUILT_PRODUCTS_DIR; };
		43B51C6927FD5CDB00B1AFB5 /* calculatorApp.swift */ = {isa = PBXFileReference; lastKnownFileType = sourcecode.swift; path = calculatorApp.swift; sourceTree = "<group>"; };
		43B51C6B27FD5CDB00B1AFB5 /* ContentView.swift */ = {isa = PBXFileReference; lastKnownFileType = sourcecode.swift; path = ContentView.swift; sourceTree = "<group>"; };
		43B51C6D27FD5CDF00B1AFB5 /* Assets.xcassets */ = {isa = PBXFileReference; lastKnownFileType = folder.assetcatalog; path = Assets.xcassets; sourceTree = "<group>"; };
		43B51C7027FD5CDF00B1AFB5 /* Preview Assets.xcassets */ = {isa = PBXFileReference; lastKnownFileType = folder.assetcatalog; path = "Preview Assets.xcassets"; sourceTree = "<group>"; };
		43B51C7627FD5CE000B1AFB5 /* calculatorTests.xctest */ = {isa = PBXFileReference; explicitFileType = wrapper.cfbundle; includeInIndex = 0; path = calculatorTests.xctest; sourceTree = BUILT_PRODUCTS_DIR; };
		43B51C7A27FD5CE000B1AFB5 /* calculatorTests.swift */ = {isa = PBXFileReference; lastKnownFileType = sourcecode.swift; path = calculatorTests.swift; sourceTree = "<group>"; };
		43B51C8027FD5CE000B1AFB5 /* calculatorUITests.xctest */ = {isa = PBXFileReference; explicitFileType = wrapper.cfbundle; includeInIndex = 0; path = calculatorUITests.xctest; sourceTree = BUILT_PRODUCTS_DIR; };
		43B51C8427FD5CE000B1AFB5 /* calculatorUITests.swift */ = {isa = PBXFileReference; lastKnownFileType = sourcecode.swift; path = calculatorUITests.swift; sourceTree = "<group>"; };
		43B51C8627FD5CE000B1AFB5 /* calculatorUITestsLaunchTests.swift */ = {isa = PBXFileReference; lastKnownFileType = sourcecode.swift; path = calculatorUITestsLaunchTests.swift; sourceTree = "<group>"; };
		43B51C9327FF173500B1AFB5 /* Setting.swift */ = {isa = PBXFileReference; lastKnownFileType = sourcecode.swift; path = Setting.swift; sourceTree = "<group>"; };
		43B51C9527FF1C7B00B1AFB5 /* PHPicker.swift */ = {isa = PBXFileReference; lastKnownFileType = sourcecode.swift; path = PHPicker.swift; sourceTree = "<group>"; };
/* End PBXFileReference section */

/* Begin PBXFrameworksBuildPhase section */
		43B51C6327FD5CDB00B1AFB5 /* Frameworks */ = {
			isa = PBXFrameworksBuildPhase;
			buildActionMask = 2147483647;
			files = (
			);
			runOnlyForDeploymentPostprocessing = 0;
		};
		43B51C7327FD5CE000B1AFB5 /* Frameworks */ = {
			isa = PBXFrameworksBuildPhase;
			buildActionMask = 2147483647;
			files = (
			);
			runOnlyForDeploymentPostprocessing = 0;
		};
		43B51C7D27FD5CE000B1AFB5 /* Frameworks */ = {
			isa = PBXFrameworksBuildPhase;
			buildActionMask = 2147483647;
			files = (
			);
			runOnlyForDeploymentPostprocessing = 0;
		};
/* End PBXFrameworksBuildPhase section */

/* Begin PBXGroup section */
		43B51C5D27FD5CDB00B1AFB5 = {
			isa = PBXGroup;
			children = (
				43B51C6827FD5CDB00B1AFB5 /* calculator */,
				43B51C7927FD5CE000B1AFB5 /* calculatorTests */,
				43B51C8327FD5CE000B1AFB5 /* calculatorUITests */,
				43B51C6727FD5CDB00B1AFB5 /* Products */,
			);
			sourceTree = "<group>";
		};
		43B51C6727FD5CDB00B1AFB5 /* Products */ = {
			isa = PBXGroup;
			children = (
				43B51C6627FD5CDB00B1AFB5 /* calculator.app */,
				43B51C7627FD5CE000B1AFB5 /* calculatorTests.xctest */,
				43B51C8027FD5CE000B1AFB5 /* calculatorUITests.xctest */,
			);
			name = Products;
			sourceTree = "<group>";
		};
		43B51C6827FD5CDB00B1AFB5 /* calculator */ = {
			isa = PBXGroup;
			children = (
				43B51C6927FD5CDB00B1AFB5 /* calculatorApp.swift */,
				43B51C6B27FD5CDB00B1AFB5 /* ContentView.swift */,
				43B51C9327FF173500B1AFB5 /* Setting.swift */,
				43B51C9527FF1C7B00B1AFB5 /* PHPicker.swift */,
				43B51C6D27FD5CDF00B1AFB5 /* Assets.xcassets */,
				43B51C6F27FD5CDF00B1AFB5 /* Preview Content */,
			);
			path = calculator;
			sourceTree = "<group>";
		};
		43B51C6F27FD5CDF00B1AFB5 /* Preview Content */ = {
			isa = PBXGroup;
			children = (
				43B51C7027FD5CDF00B1AFB5 /* Preview Assets.xcassets */,
			);
			path = "Preview Content";
			sourceTree = "<group>";
		};
		43B51C7927FD5CE000B1AFB5 /* calculatorTests */ = {
			isa = PBXGroup;
			children = (
				43B51C7A27FD5CE000B1AFB5 /* calculatorTests.swift */,
			);
			path = calculatorTests;
			sourceTree = "<group>";
		};
		43B51C8327FD5CE000B1AFB5 /* calculatorUITests */ = {
			isa = PBXGroup;
			children = (
				43B51C8427FD5CE000B1AFB5 /* calculatorUITests.swift */,
				43B51C8627FD5CE000B1AFB5 /* calculatorUITestsLaunchTests.swift */,
			);
			path = calculatorUITests;
			sourceTree = "<group>";
		};
/* End PBXGroup section */

/* Begin PBXNativeTarget section */
		43B51C6527FD5CDB00B1AFB5 /* calculator */ = {
			isa = PBXNativeTarget;
			buildConfigurationList = 43B51C8A27FD5CE000B1AFB5 /* Build configuration list for PBXNativeTarget "calculator" */;
			buildPhases = (
				43B51C6227FD5CDB00B1AFB5 /* Sources */,
				43B51C6327FD5CDB00B1AFB5 /* Frameworks */,
				43B51C6427FD5CDB00B1AFB5 /* Resources */,
			);
			buildRules = (
			);
			dependencies = (
			);
			name = calculator;
			productName = calculator;
			productReference = 43B51C6627FD5CDB00B1AFB5 /* calculator.app */;
			productType = "com.apple.product-type.application";
		};
		43B51C7527FD5CE000B1AFB5 /* calculatorTests */ = {
			isa = PBXNativeTarget;
			buildConfigurationList = 43B51C8D27FD5CE000B1AFB5 /* Build configuration list for PBXNativeTarget "calculatorTests" */;
			buildPhases = (
				43B51C7227FD5CE000B1AFB5 /* Sources */,
				43B51C7327FD5CE000B1AFB5 /* Frameworks */,
				43B51C7427FD5CE000B1AFB5 /* Resources */,
			);
			buildRules = (
			);
			dependencies = (
				43B51C7827FD5CE000B1AFB5 /* PBXTargetDependency */,
			);
			name = calculatorTests;
			productName = calculatorTests;
			productReference = 43B51C7627FD5CE000B1AFB5 /* calculatorTests.xctest */;
			productType = "com.apple.product-type.bundle.unit-test";
		};
		43B51C7F27FD5CE000B1AFB5 /* calculatorUITests */ = {
			isa = PBXNativeTarget;
			buildConfigurationList = 43B51C9027FD5CE000B1AFB5 /* Build configuration list for PBXNativeTarget "calculatorUITests" */;
			buildPhases = (
				43B51C7C27FD5CE000B1AFB5 /* Sources */,
				43B51C7D27FD5CE000B1AFB5 /* Frameworks */,
				43B51C7E27FD5CE000B1AFB5 /* Resources */,
			);
			buildRules = (
			);
			dependencies = (
				43B51C8227FD5CE000B1AFB5 /* PBXTargetDependency */,
			);
			name = calculatorUITests;
			productName = calculatorUITests;
			productReference = 43B51C8027FD5CE000B1AFB5 /* calculatorUITests.xctest */;
			productType = "com.apple.product-type.bundle.ui-testing";
		};
/* End PBXNativeTarget section */

/* Begin PBXProject section */
		43B51C5E27FD5CDB00B1AFB5 /* Project object */ = {
			isa = PBXProject;
			attributes = {
				BuildIndependentTargetsInParallel = 1;
				LastSwiftUpdateCheck = 1330;
				LastUpgradeCheck = 1330;
				TargetAttributes = {
					43B51C6527FD5CDB00B1AFB5 = {
						CreatedOnToolsVersion = 13.3;
					};
					43B51C7527FD5CE000B1AFB5 = {
						CreatedOnToolsVersion = 13.3;
						TestTargetID = 43B51C6527FD5CDB00B1AFB5;
					};
					43B51C7F27FD5CE000B1AFB5 = {
						CreatedOnToolsVersion = 13.3;
						TestTargetID = 43B51C6527FD5CDB00B1AFB5;
					};
				};
			};
			buildConfigurationList = 43B51C6127FD5CDB00B1AFB5 /* Build configuration list for PBXProject "calculator" */;
			compatibilityVersion = "Xcode 13.0";
			developmentRegion = en;
			hasScannedForEncodings = 0;
			knownRegions = (
				en,
				Base,
			);
			mainGroup = 43B51C5D27FD5CDB00B1AFB5;
			productRefGroup = 43B51C6727FD5CDB00B1AFB5 /* Products */;
			projectDirPath = "";
			projectRoot = "";
			targets = (
				43B51C6527FD5CDB00B1AFB5 /* calculator */,
				43B51C7527FD5CE000B1AFB5 /* calculatorTests */,
				43B51C7F27FD5CE000B1AFB5 /* calculatorUITests */,
			);
		};
/* End PBXProject section */

/* Begin PBXResourcesBuildPhase section */
		43B51C6427FD5CDB00B1AFB5 /* Resources */ = {
			isa = PBXResourcesBuildPhase;
			buildActionMask = 2147483647;
			files = (
				43B51C7127FD5CDF00B1AFB5 /* Preview Assets.xcassets in Resources */,
				43B51C6E27FD5CDF00B1AFB5 /* Assets.xcassets in Resources */,
			);
			runOnlyForDeploymentPostprocessing = 0;
		};
		43B51C7427FD5CE000B1AFB5 /* Resources */ = {
			isa = PBXResourcesBuildPhase;
			buildActionMask = 2147483647;
			files = (
			);
			runOnlyForDeploymentPostprocessing = 0;
		};
		43B51C7E27FD5CE000B1AFB5 /* Resources */ = {
			isa = PBXResourcesBuildPhase;
			buildActionMask = 2147483647;
			files = (
			);
			runOnlyForDeploymentPostprocessing = 0;
		};
/* End PBXResourcesBuildPhase section */

/* Begin PBXSourcesBuildPhase section */
		43B51C6227FD5CDB00B1AFB5 /* Sources */ = {
			isa = PBXSourcesBuildPhase;
			buildActionMask = 2147483647;
			files = (
				43B51C6C27FD5CDB00B1AFB5 /* ContentView.swift in Sources */,
				43B51C6A27FD5CDB00B1AFB5 /* calculatorApp.swift in Sources */,
				43B51C9427FF173500B1AFB5 /* Setting.swift in Sources */,
				43B51C9627FF1C7B00B1AFB5 /* PHPicker.swift in Sources */,
			);
			runOnlyForDeploymentPostprocessing = 0;
		};
		43B51C7227FD5CE000B1AFB5 /* Sources */ = {
			isa = PBXSourcesBuildPhase;
			buildActionMask = 2147483647;
			files = (
				43B51C7B27FD5CE000B1AFB5 /* calculatorTests.swift in Sources */,
			);
			runOnlyForDeploymentPostprocessing = 0;
		};
		43B51C7C27FD5CE000B1AFB5 /* Sources */ = {
			isa = PBXSourcesBuildPhase;
			buildActionMask = 2147483647;
			files = (
				43B51C8727FD5CE000B1AFB5 /* calculatorUITestsLaunchTests.swift in Sources */,
				43B51C8527FD5CE000B1AFB5 /* calculatorUITests.swift in Sources */,
			);
			runOnlyForDeploymentPostprocessing = 0;
		};
/* End PBXSourcesBuildPhase section */

/* Begin PBXTargetDependency section */
		43B51C7827FD5CE000B1AFB5 /* PBXTargetDependency */ = {
			isa = PBXTargetDependency;
			target = 43B51C6527FD5CDB00B1AFB5 /* calculator */;
			targetProxy = 43B51C7727FD5CE000B1AFB5 /* PBXContainerItemProxy */;
		};
		43B51C8227FD5CE000B1AFB5 /* PBXTargetDependency */ = {
			isa = PBXTargetDependency;
			target = 43B51C6527FD5CDB00B1AFB5 /* calculator */;
			targetProxy = 43B51C8127FD5CE000B1AFB5 /* PBXContainerItemProxy */;
		};
/* End PBXTargetDependency section */

/* Begin XCBuildConfiguration section */
		43B51C8827FD5CE000B1AFB5 /* Debug */ = {
			isa = XCBuildConfiguration;
			buildSettings = {
				ALWAYS_SEARCH_USER_PATHS = NO;
				CLANG_ANALYZER_NONNULL = YES;
				CLANG_ANALYZER_NUMBER_OBJECT_CONVERSION = YES_AGGRESSIVE;
				CLANG_CXX_LANGUAGE_STANDARD = "gnu++17";
				CLANG_ENABLE_MODULES = YES;
				CLANG_ENABLE_OBJC_ARC = YES;
				CLANG_ENABLE_OBJC_WEAK = YES;
				CLANG_WARN_BLOCK_CAPTURE_AUTORELEASING = YES;
				CLANG_WARN_BOOL_CONVERSION = YES;
				CLANG_WARN_COMMA = YES;
				CLANG_WARN_CONSTANT_CONVERSION = YES;
				CLANG_WARN_DEPRECATED_OBJC_IMPLEMENTATIONS = YES;
				CLANG_WARN_DIRECT_OBJC_ISA_USAGE = YES_ERROR;
				CLANG_WARN_DOCUMENTATION_COMMENTS = YES;
				CLANG_WARN_EMPTY_BODY = YES;
				CLANG_WARN_ENUM_CONVERSION = YES;
				CLANG_WARN_INFINITE_RECURSION = YES;
				CLANG_WARN_INT_CONVERSION = YES;
				CLANG_WARN_NON_LITERAL_NULL_CONVERSION = YES;
				CLANG_WARN_OBJC_IMPLICIT_RETAIN_SELF = YES;
				CLANG_WARN_OBJC_LITERAL_CONVERSION = YES;
				CLANG_WARN_OBJC_ROOT_CLASS = YES_ERROR;
				CLANG_WARN_QUOTED_INCLUDE_IN_FRAMEWORK_HEADER = YES;
				CLANG_WARN_RANGE_LOOP_ANALYSIS = YES;
				CLANG_WARN_STRICT_PROTOTYPES = YES;
				CLANG_WARN_SUSPICIOUS_MOVE = YES;
				CLANG_WARN_UNGUARDED_AVAILABILITY = YES_AGGRESSIVE;
				CLANG_WARN_UNREACHABLE_CODE = YES;
				CLANG_WARN__DUPLICATE_METHOD_MATCH = YES;
				COPY_PHASE_STRIP = NO;
				DEBUG_INFORMATION_FORMAT = dwarf;
				ENABLE_STRICT_OBJC_MSGSEND = YES;
				ENABLE_TESTABILITY = YES;
				GCC_C_LANGUAGE_STANDARD = gnu11;
				GCC_DYNAMIC_NO_PIC = NO;
				GCC_NO_COMMON_BLOCKS = YES;
				GCC_OPTIMIZATION_LEVEL = 0;
				GCC_PREPROCESSOR_DEFINITIONS = (
					"DEBUG=1",
					"$(inherited)",
				);
				GCC_WARN_64_TO_32_BIT_CONVERSION = YES;
				GCC_WARN_ABOUT_RETURN_TYPE = YES_ERROR;
				GCC_WARN_UNDECLARED_SELECTOR = YES;
				GCC_WARN_UNINITIALIZED_AUTOS = YES_AGGRESSIVE;
				GCC_WARN_UNUSED_FUNCTION = YES;
				GCC_WARN_UNUSED_VARIABLE = YES;
				IPHONEOS_DEPLOYMENT_TARGET = 15.4;
				MTL_ENABLE_DEBUG_INFO = INCLUDE_SOURCE;
				MTL_FAST_MATH = YES;
				ONLY_ACTIVE_ARCH = YES;
				SDKROOT = iphoneos;
				SWIFT_ACTIVE_COMPILATION_CONDITIONS = DEBUG;
				SWIFT_OPTIMIZATION_LEVEL = "-Onone";
			};
			name = Debug;
		};
		43B51C8927FD5CE000B1AFB5 /* Release */ = {
			isa = XCBuildConfiguration;
			buildSettings = {
				ALWAYS_SEARCH_USER_PATHS = NO;
				CLANG_ANALYZER_NONNULL = YES;
				CLANG_ANALYZER_NUMBER_OBJECT_CONVERSION = YES_AGGRESSIVE;
				CLANG_CXX_LANGUAGE_STANDARD = "gnu++17";
				CLANG_ENABLE_MODULES = YES;
				CLANG_ENABLE_OBJC_ARC = YES;
				CLANG_ENABLE_OBJC_WEAK = YES;
				CLANG_WARN_BLOCK_CAPTURE_AUTORELEASING = YES;
				CLANG_WARN_BOOL_CONVERSION = YES;
				CLANG_WARN_COMMA = YES;
				CLANG_WARN_CONSTANT_CONVERSION = YES;
				CLANG_WARN_DEPRECATED_OBJC_IMPLEMENTATIONS = YES;
				CLANG_WARN_DIRECT_OBJC_ISA_USAGE = YES_ERROR;
				CLANG_WARN_DOCUMENTATION_COMMENTS = YES;
				CLANG_WARN_EMPTY_BODY = YES;
				CLANG_WARN_ENUM_CONVERSION = YES;
				CLANG_WARN_INFINITE_RECURSION = YES;
				CLANG_WARN_INT_CONVERSION = YES;
				CLANG_WARN_NON_LITERAL_NULL_CONVERSION = YES;
				CLANG_WARN_OBJC_IMPLICIT_RETAIN_SELF = YES;
				CLANG_WARN_OBJC_LITERAL_CONVERSION = YES;
				CLANG_WARN_OBJC_ROOT_CLASS = YES_ERROR;
				CLANG_WARN_QUOTED_INCLUDE_IN_FRAMEWORK_HEADER = YES;
				CLANG_WARN_RANGE_LOOP_ANALYSIS = YES;
				CLANG_WARN_STRICT_PROTOTYPES = YES;
				CLANG_WARN_SUSPICIOUS_MOVE = YES;
				CLANG_WARN_UNGUARDED_AVAILABILITY = YES_AGGRESSIVE;
				CLANG_WARN_UNREACHABLE_CODE = YES;
				CLANG_WARN__DUPLICATE_METHOD_MATCH = YES;
				COPY_PHASE_STRIP = NO;
				DEBUG_INFORMATION_FORMAT = "dwarf-with-dsym";
				ENABLE_NS_ASSERTIONS = NO;
				ENABLE_STRICT_OBJC_MSGSEND = YES;
				GCC_C_LANGUAGE_STANDARD = gnu11;
				GCC_NO_COMMON_BLOCKS = YES;
				GCC_WARN_64_TO_32_BIT_CONVERSION = YES;
				GCC_WARN_ABOUT_RETURN_TYPE = YES_ERROR;
				GCC_WARN_UNDECLARED_SELECTOR = YES;
				GCC_WARN_UNINITIALIZED_AUTOS = YES_AGGRESSIVE;
				GCC_WARN_UNUSED_FUNCTION = YES;
				GCC_WARN_UNUSED_VARIABLE = YES;
				IPHONEOS_DEPLOYMENT_TARGET = 15.4;
				MTL_ENABLE_DEBUG_INFO = NO;
				MTL_FAST_MATH = YES;
				SDKROOT = iphoneos;
				SWIFT_COMPILATION_MODE = wholemodule;
				SWIFT_OPTIMIZATION_LEVEL = "-O";
				VALIDATE_PRODUCT = YES;
			};
			name = Release;
		};
		43B51C8B27FD5CE000B1AFB5 /* Debug */ = {
			isa = XCBuildConfiguration;
			buildSettings = {
				ASSETCATALOG_COMPILER_APPICON_NAME = AppIcon;
				ASSETCATALOG_COMPILER_GLOBAL_ACCENT_COLOR_NAME = AccentColor;
				CODE_SIGN_STYLE = Automatic;
				CURRENT_PROJECT_VERSION = 1;
				DEVELOPMENT_ASSET_PATHS = "\"calculator/Preview Content\"";
				DEVELOPMENT_TEAM = V527K8L875;
				ENABLE_PREVIEWS = YES;
				GENERATE_INFOPLIST_FILE = YES;
				INFOPLIST_KEY_UIApplicationSceneManifest_Generation = YES;
				INFOPLIST_KEY_UIApplicationSupportsIndirectInputEvents = YES;
				INFOPLIST_KEY_UILaunchScreen_Generation = YES;
				INFOPLIST_KEY_UISupportedInterfaceOrientations = UIInterfaceOrientationPortrait;
				INFOPLIST_KEY_UISupportedInterfaceOrientations_iPad = "UIInterfaceOrientationPortrait UIInterfaceOrientationPortraitUpsideDown UIInterfaceOrientationLandscapeLeft UIInterfaceOrientationLandscapeRight";
				INFOPLIST_KEY_UISupportedInterfaceOrientations_iPhone = UIInterfaceOrientationPortrait;
				LD_RUNPATH_SEARCH_PATHS = (
					"$(inherited)",
					"@executable_path/Frameworks",
				);
				MARKETING_VERSION = 1.0;
				PRODUCT_BUNDLE_IDENTIFIER = calculator.galapagos.calculator;
				PRODUCT_NAME = "$(TARGET_NAME)";
				SWIFT_EMIT_LOC_STRINGS = YES;
				SWIFT_VERSION = 5.0;
				TARGETED_DEVICE_FAMILY = "1,2";
			};
			name = Debug;
		};
		43B51C8C27FD5CE000B1AFB5 /* Release */ = {
			isa = XCBuildConfiguration;
			buildSettings = {
				ASSETCATALOG_COMPILER_APPICON_NAME = AppIcon;
				ASSETCATALOG_COMPILER_GLOBAL_ACCENT_COLOR_NAME = AccentColor;
				CODE_SIGN_STYLE = Automatic;
				CURRENT_PROJECT_VERSION = 1;
				DEVELOPMENT_ASSET_PATHS = "\"calculator/Preview Content\"";
				DEVELOPMENT_TEAM = V527K8L875;
				ENABLE_PREVIEWS = YES;
				GENERATE_INFOPLIST_FILE = YES;
				INFOPLIST_KEY_UIApplicationSceneManifest_Generation = YES;
				INFOPLIST_KEY_UIApplicationSupportsIndirectInputEvents = YES;
				INFOPLIST_KEY_UILaunchScreen_Generation = YES;
				INFOPLIST_KEY_UISupportedInterfaceOrientations = UIInterfaceOrientationPortrait;
				INFOPLIST_KEY_UISupportedInterfaceOrientations_iPad = "UIInterfaceOrientationPortrait UIInterfaceOrientationPortraitUpsideDown UIInterfaceOrientationLandscapeLeft UIInterfaceOrientationLandscapeRight";
				INFOPLIST_KEY_UISupportedInterfaceOrientations_iPhone = UIInterfaceOrientationPortrait;
				LD_RUNPATH_SEARCH_PATHS = (
					"$(inherited)",
					"@executable_path/Frameworks",
				);
				MARKETING_VERSION = 1.0;
				PRODUCT_BUNDLE_IDENTIFIER = calculator.galapagos.calculator;
				PRODUCT_NAME = "$(TARGET_NAME)";
				SWIFT_EMIT_LOC_STRINGS = YES;
				SWIFT_VERSION = 5.0;
				TARGETED_DEVICE_FAMILY = "1,2";
			};
			name = Release;
		};
		43B51C8E27FD5CE000B1AFB5 /* Debug */ = {
			isa = XCBuildConfiguration;
			buildSettings = {
				ALWAYS_EMBED_SWIFT_STANDARD_LIBRARIES = YES;
				BUNDLE_LOADER = "$(TEST_HOST)";
				CODE_SIGN_STYLE = Automatic;
				CURRENT_PROJECT_VERSION = 1;
				DEVELOPMENT_TEAM = V527K8L875;
				GENERATE_INFOPLIST_FILE = YES;
				IPHONEOS_DEPLOYMENT_TARGET = 15.4;
				MARKETING_VERSION = 1.0;
				PRODUCT_BUNDLE_IDENTIFIER = calculator.galapagos.calculatorTests;
				PRODUCT_NAME = "$(TARGET_NAME)";
				SWIFT_EMIT_LOC_STRINGS = NO;
				SWIFT_VERSION = 5.0;
				TARGETED_DEVICE_FAMILY = "1,2";
				TEST_HOST = "$(BUILT_PRODUCTS_DIR)/calculator.app/calculator";
			};
			name = Debug;
		};
		43B51C8F27FD5CE000B1AFB5 /* Release */ = {
			isa = XCBuildConfiguration;
			buildSettings = {
				ALWAYS_EMBED_SWIFT_STANDARD_LIBRARIES = YES;
				BUNDLE_LOADER = "$(TEST_HOST)";
				CODE_SIGN_STYLE = Automatic;
				CURRENT_PROJECT_VERSION = 1;
				DEVELOPMENT_TEAM = V527K8L875;
				GENERATE_INFOPLIST_FILE = YES;
				IPHONEOS_DEPLOYMENT_TARGET = 15.4;
				MARKETING_VERSION = 1.0;
				PRODUCT_BUNDLE_IDENTIFIER = calculator.galapagos.calculatorTests;
				PRODUCT_NAME = "$(TARGET_NAME)";
				SWIFT_EMIT_LOC_STRINGS = NO;
				SWIFT_VERSION = 5.0;
				TARGETED_DEVICE_FAMILY = "1,2";
				TEST_HOST = "$(BUILT_PRODUCTS_DIR)/calculator.app/calculator";
			};
			name = Release;
		};
		43B51C9127FD5CE000B1AFB5 /* Debug */ = {
			isa = XCBuildConfiguration;
			buildSettings = {
				ALWAYS_EMBED_SWIFT_STANDARD_LIBRARIES = YES;
				CODE_SIGN_STYLE = Automatic;
				CURRENT_PROJECT_VERSION = 1;
				DEVELOPMENT_TEAM = V527K8L875;
				GENERATE_INFOPLIST_FILE = YES;
				MARKETING_VERSION = 1.0;
				PRODUCT_BUNDLE_IDENTIFIER = calculator.galapagos.calculatorUITests;
				PRODUCT_NAME = "$(TARGET_NAME)";
				SWIFT_EMIT_LOC_STRINGS = NO;
				SWIFT_VERSION = 5.0;
				TARGETED_DEVICE_FAMILY = "1,2";
				TEST_TARGET_NAME = calculator;
			};
			name = Debug;
		};
		43B51C9227FD5CE000B1AFB5 /* Release */ = {
			isa = XCBuildConfiguration;
			buildSettings = {
				ALWAYS_EMBED_SWIFT_STANDARD_LIBRARIES = YES;
				CODE_SIGN_STYLE = Automatic;
				CURRENT_PROJECT_VERSION = 1;
				DEVELOPMENT_TEAM = V527K8L875;
				GENERATE_INFOPLIST_FILE = YES;
				MARKETING_VERSION = 1.0;
				PRODUCT_BUNDLE_IDENTIFIER = calculator.galapagos.calculatorUITests;
				PRODUCT_NAME = "$(TARGET_NAME)";
				SWIFT_EMIT_LOC_STRINGS = NO;
				SWIFT_VERSION = 5.0;
				TARGETED_DEVICE_FAMILY = "1,2";
				TEST_TARGET_NAME = calculator;
			};
			name = Release;
		};
/* End XCBuildConfiguration section */

/* Begin XCConfigurationList section */
		43B51C6127FD5CDB00B1AFB5 /* Build configuration list for PBXProject "calculator" */ = {
			isa = XCConfigurationList;
			buildConfigurations = (
				43B51C8827FD5CE000B1AFB5 /* Debug */,
				43B51C8927FD5CE000B1AFB5 /* Release */,
			);
			defaultConfigurationIsVisible = 0;
			defaultConfigurationName = Release;
		};
		43B51C8A27FD5CE000B1AFB5 /* Build configuration list for PBXNativeTarget "calculator" */ = {
			isa = XCConfigurationList;
			buildConfigurations = (
				43B51C8B27FD5CE000B1AFB5 /* Debug */,
				43B51C8C27FD5CE000B1AFB5 /* Release */,
			);
			defaultConfigurationIsVisible = 0;
			defaultConfigurationName = Release;
		};
		43B51C8D27FD5CE000B1AFB5 /* Build configuration list for PBXNativeTarget "calculatorTests" */ = {
			isa = XCConfigurationList;
			buildConfigurations = (
				43B51C8E27FD5CE000B1AFB5 /* Debug */,
				43B51C8F27FD5CE000B1AFB5 /* Release */,
			);
			defaultConfigurationIsVisible = 0;
			defaultConfigurationName = Release;
		};
		43B51C9027FD5CE000B1AFB5 /* Build configuration list for PBXNativeTarget "calculatorUITests" */ = {
			isa = XCConfigurationList;
			buildConfigurations = (
				43B51C9127FD5CE000B1AFB5 /* Debug */,
				43B51C9227FD5CE000B1AFB5 /* Release */,
			);
			defaultConfigurationIsVisible = 0;
			defaultConfigurationName = Release;
		};
/* End XCConfigurationList section */
	};
	rootObject = 43B51C5E27FD5CDB00B1AFB5 /* Project object */;
}
